// !$*UTF8*$!
{
	archiveVersion = 1;
	classes = {
	};
	objectVersion = 56;
	objects = {

/* Begin PBXBuildFile section */
		451D5C9E2ACF35D400167243 /* AppDelegate.swift in Sources */ = {isa = PBXBuildFile; fileRef = 451D5C9D2ACF35D400167243 /* AppDelegate.swift */; };
		451D5CA02ACF35D400167243 /* SceneDelegate.swift in Sources */ = {isa = PBXBuildFile; fileRef = 451D5C9F2ACF35D400167243 /* SceneDelegate.swift */; };
		451D5CA72ACF35D600167243 /* Assets.xcassets in Resources */ = {isa = PBXBuildFile; fileRef = 451D5CA62ACF35D600167243 /* Assets.xcassets */; };
		451D5CAA2ACF35D600167243 /* LaunchScreen.storyboard in Resources */ = {isa = PBXBuildFile; fileRef = 451D5CA82ACF35D600167243 /* LaunchScreen.storyboard */; };
		451D5CC22ACF382900167243 /* PlayerModel.swift in Sources */ = {isa = PBXBuildFile; fileRef = 451D5CC12ACF382900167243 /* PlayerModel.swift */; };
		45C588592AD2B62100208E9E /* DetailViewController.swift in Sources */ = {isa = PBXBuildFile; fileRef = 45C588572AD2B62100208E9E /* DetailViewController.swift */; };
		45C5885A2AD2B62100208E9E /* DetailViewController.xib in Resources */ = {isa = PBXBuildFile; fileRef = 45C588582AD2B62100208E9E /* DetailViewController.xib */; };
		45C5885C2AD2B63A00208E9E /* DetailViewModel.swift in Sources */ = {isa = PBXBuildFile; fileRef = 45C5885B2AD2B63A00208E9E /* DetailViewModel.swift */; };
		45CFEB3F2AD07BA80099EDEA /* HomeTableViewController.swift in Sources */ = {isa = PBXBuildFile; fileRef = 45CFEB3D2AD07BA80099EDEA /* HomeTableViewController.swift */; };
		45CFEB402AD07BA80099EDEA /* HomeTableViewController.xib in Resources */ = {isa = PBXBuildFile; fileRef = 45CFEB3E2AD07BA80099EDEA /* HomeTableViewController.xib */; };
		45CFEB442AD07BD00099EDEA /* HomeViewModel.swift in Sources */ = {isa = PBXBuildFile; fileRef = 45CFEB432AD07BD00099EDEA /* HomeViewModel.swift */; };
		45E89E9E2AD1D27A0064177B /* SplashViewController.swift in Sources */ = {isa = PBXBuildFile; fileRef = 45E89E9C2AD1D27A0064177B /* SplashViewController.swift */; };
		45E89E9F2AD1D27A0064177B /* SplashViewController.xib in Resources */ = {isa = PBXBuildFile; fileRef = 45E89E9D2AD1D27A0064177B /* SplashViewController.xib */; };
		45E89EA12AD1D2970064177B /* SplashViewModel.swift in Sources */ = {isa = PBXBuildFile; fileRef = 45E89EA02AD1D2970064177B /* SplashViewModel.swift */; };
		45E89EA52AD1E48D0064177B /* HomeCell_TableViewCell.swift in Sources */ = {isa = PBXBuildFile; fileRef = 45E89EA32AD1E48D0064177B /* HomeCell_TableViewCell.swift */; };
		45E89EA62AD1E48D0064177B /* HomeCell_TableViewCell.xib in Resources */ = {isa = PBXBuildFile; fileRef = 45E89EA42AD1E48D0064177B /* HomeCell_TableViewCell.xib */; };
/* End PBXBuildFile section */

/* Begin PBXFileReference section */
		451D5C9A2ACF35D400167243 /* ABLasalle.app */ = {isa = PBXFileReference; explicitFileType = wrapper.application; includeInIndex = 0; path = ABLasalle.app; sourceTree = BUILT_PRODUCTS_DIR; };
		451D5C9D2ACF35D400167243 /* AppDelegate.swift */ = {isa = PBXFileReference; lastKnownFileType = sourcecode.swift; path = AppDelegate.swift; sourceTree = "<group>"; };
		451D5C9F2ACF35D400167243 /* SceneDelegate.swift */ = {isa = PBXFileReference; lastKnownFileType = sourcecode.swift; path = SceneDelegate.swift; sourceTree = "<group>"; };
		451D5CA62ACF35D600167243 /* Assets.xcassets */ = {isa = PBXFileReference; lastKnownFileType = folder.assetcatalog; path = Assets.xcassets; sourceTree = "<group>"; };
		451D5CA92ACF35D600167243 /* Base */ = {isa = PBXFileReference; lastKnownFileType = file.storyboard; name = Base; path = Base.lproj/LaunchScreen.storyboard; sourceTree = "<group>"; };
		451D5CAB2ACF35D600167243 /* Info.plist */ = {isa = PBXFileReference; lastKnownFileType = text.plist.xml; path = Info.plist; sourceTree = "<group>"; };
		451D5CC12ACF382900167243 /* PlayerModel.swift */ = {isa = PBXFileReference; lastKnownFileType = sourcecode.swift; path = PlayerModel.swift; sourceTree = "<group>"; };
		45C588572AD2B62100208E9E /* DetailViewController.swift */ = {isa = PBXFileReference; lastKnownFileType = sourcecode.swift; path = DetailViewController.swift; sourceTree = "<group>"; };
		45C588582AD2B62100208E9E /* DetailViewController.xib */ = {isa = PBXFileReference; lastKnownFileType = file.xib; path = DetailViewController.xib; sourceTree = "<group>"; };
		45C5885B2AD2B63A00208E9E /* DetailViewModel.swift */ = {isa = PBXFileReference; lastKnownFileType = sourcecode.swift; path = DetailViewModel.swift; sourceTree = "<group>"; };
		45CFEB3D2AD07BA80099EDEA /* HomeTableViewController.swift */ = {isa = PBXFileReference; lastKnownFileType = sourcecode.swift; path = HomeTableViewController.swift; sourceTree = "<group>"; };
		45CFEB3E2AD07BA80099EDEA /* HomeTableViewController.xib */ = {isa = PBXFileReference; lastKnownFileType = file.xib; path = HomeTableViewController.xib; sourceTree = "<group>"; };
		45CFEB432AD07BD00099EDEA /* HomeViewModel.swift */ = {isa = PBXFileReference; lastKnownFileType = sourcecode.swift; path = HomeViewModel.swift; sourceTree = "<group>"; };
		45E89E9C2AD1D27A0064177B /* SplashViewController.swift */ = {isa = PBXFileReference; lastKnownFileType = sourcecode.swift; path = SplashViewController.swift; sourceTree = "<group>"; };
		45E89E9D2AD1D27A0064177B /* SplashViewController.xib */ = {isa = PBXFileReference; lastKnownFileType = file.xib; path = SplashViewController.xib; sourceTree = "<group>"; };
		45E89EA02AD1D2970064177B /* SplashViewModel.swift */ = {isa = PBXFileReference; lastKnownFileType = sourcecode.swift; path = SplashViewModel.swift; sourceTree = "<group>"; };
		45E89EA32AD1E48D0064177B /* HomeCell_TableViewCell.swift */ = {isa = PBXFileReference; lastKnownFileType = sourcecode.swift; path = HomeCell_TableViewCell.swift; sourceTree = "<group>"; };
		45E89EA42AD1E48D0064177B /* HomeCell_TableViewCell.xib */ = {isa = PBXFileReference; lastKnownFileType = file.xib; path = HomeCell_TableViewCell.xib; sourceTree = "<group>"; };
/* End PBXFileReference section */

/* Begin PBXFrameworksBuildPhase section */
		451D5C972ACF35D400167243 /* Frameworks */ = {
			isa = PBXFrameworksBuildPhase;
			buildActionMask = 2147483647;
			files = (
			);
			runOnlyForDeploymentPostprocessing = 0;
		};
/* End PBXFrameworksBuildPhase section */

/* Begin PBXGroup section */
		451D5C912ACF35D400167243 = {
			isa = PBXGroup;
			children = (
				451D5C9C2ACF35D400167243 /* ABLasalle */,
				451D5C9B2ACF35D400167243 /* Products */,
			);
			sourceTree = "<group>";
		};
		451D5C9B2ACF35D400167243 /* Products */ = {
			isa = PBXGroup;
			children = (
				451D5C9A2ACF35D400167243 /* ABLasalle.app */,
			);
			name = Products;
			sourceTree = "<group>";
		};
		451D5C9C2ACF35D400167243 /* ABLasalle */ = {
			isa = PBXGroup;
			children = (
				451D5CAB2ACF35D600167243 /* Info.plist */,
				451D5CB12ACF363A00167243 /* Apps */,
				451D5CB22ACF364800167243 /* Resources */,
				451D5CB32ACF365200167243 /* Domain */,
				451D5CB42ACF369100167243 /* UI */,
			);
			path = ABLasalle;
			sourceTree = "<group>";
		};
		451D5CB12ACF363A00167243 /* Apps */ = {
			isa = PBXGroup;
			children = (
				451D5C9D2ACF35D400167243 /* AppDelegate.swift */,
				451D5C9F2ACF35D400167243 /* SceneDelegate.swift */,
			);
			path = Apps;
			sourceTree = "<group>";
		};
		451D5CB22ACF364800167243 /* Resources */ = {
			isa = PBXGroup;
			children = (
				451D5CA62ACF35D600167243 /* Assets.xcassets */,
			);
			path = Resources;
			sourceTree = "<group>";
		};
		451D5CB32ACF365200167243 /* Domain */ = {
			isa = PBXGroup;
			children = (
				451D5CC02ACF380900167243 /* Models */,
			);
			path = Domain;
			sourceTree = "<group>";
		};
		451D5CB42ACF369100167243 /* UI */ = {
			isa = PBXGroup;
			children = (
				451D5CB52ACF36E200167243 /* Splash */,
				451D5CB62ACF370A00167243 /* Home */,
				451D5CB72ACF376000167243 /* Detail */,
			);
			path = UI;
			sourceTree = "<group>";
		};
		451D5CB52ACF36E200167243 /* Splash */ = {
			isa = PBXGroup;
			children = (
				451D5CB82ACF37A400167243 /* View */,
				451D5CB92ACF37AE00167243 /* Controller */,
				451D5CC72ACF3DE000167243 /* ViewModel */,
			);
			path = Splash;
			sourceTree = "<group>";
		};
		451D5CB62ACF370A00167243 /* Home */ = {
			isa = PBXGroup;
			children = (
				45E89EA22AD1E4330064177B /* Cell */,
				451D5CBA2ACF37BF00167243 /* View */,
				451D5CBB2ACF37CA00167243 /* Controller */,
				451D5CBC2ACF37D200167243 /* ViewModel */,
			);
			path = Home;
			sourceTree = "<group>";
		};
		451D5CB72ACF376000167243 /* Detail */ = {
			isa = PBXGroup;
			children = (
				451D5CBF2ACF37FC00167243 /* View */,
				451D5CBE2ACF37F500167243 /* Controller */,
				451D5CBD2ACF37EC00167243 /* ViewModel */,
			);
			path = Detail;
			sourceTree = "<group>";
		};
		451D5CB82ACF37A400167243 /* View */ = {
			isa = PBXGroup;
			children = (
				451D5CA82ACF35D600167243 /* LaunchScreen.storyboard */,
				45E89E9D2AD1D27A0064177B /* SplashViewController.xib */,
			);
			path = View;
			sourceTree = "<group>";
		};
		451D5CB92ACF37AE00167243 /* Controller */ = {
			isa = PBXGroup;
			children = (
				45E89E9C2AD1D27A0064177B /* SplashViewController.swift */,
			);
			path = Controller;
			sourceTree = "<group>";
		};
		451D5CBA2ACF37BF00167243 /* View */ = {
			isa = PBXGroup;
			children = (
				45CFEB3E2AD07BA80099EDEA /* HomeTableViewController.xib */,
			);
			path = View;
			sourceTree = "<group>";
		};
		451D5CBB2ACF37CA00167243 /* Controller */ = {
			isa = PBXGroup;
			children = (
				45CFEB3D2AD07BA80099EDEA /* HomeTableViewController.swift */,
			);
			path = Controller;
			sourceTree = "<group>";
		};
		451D5CBC2ACF37D200167243 /* ViewModel */ = {
			isa = PBXGroup;
			children = (
				45CFEB432AD07BD00099EDEA /* HomeViewModel.swift */,
			);
			path = ViewModel;
			sourceTree = "<group>";
		};
		451D5CBD2ACF37EC00167243 /* ViewModel */ = {
			isa = PBXGroup;
			children = (
				45C5885B2AD2B63A00208E9E /* DetailViewModel.swift */,
			);
			path = ViewModel;
			sourceTree = "<group>";
		};
		451D5CBE2ACF37F500167243 /* Controller */ = {
			isa = PBXGroup;
			children = (
				45C588572AD2B62100208E9E /* DetailViewController.swift */,
			);
			path = Controller;
			sourceTree = "<group>";
		};
		451D5CBF2ACF37FC00167243 /* View */ = {
			isa = PBXGroup;
			children = (
				45C588582AD2B62100208E9E /* DetailViewController.xib */,
			);
			path = View;
			sourceTree = "<group>";
		};
		451D5CC02ACF380900167243 /* Models */ = {
			isa = PBXGroup;
			children = (
				451D5CC12ACF382900167243 /* PlayerModel.swift */,
			);
			path = Models;
			sourceTree = "<group>";
		};
		451D5CC72ACF3DE000167243 /* ViewModel */ = {
			isa = PBXGroup;
			children = (
				45E89EA02AD1D2970064177B /* SplashViewModel.swift */,
			);
			path = ViewModel;
			sourceTree = "<group>";
		};
		45E89EA22AD1E4330064177B /* Cell */ = {
			isa = PBXGroup;
			children = (
				45E89EA42AD1E48D0064177B /* HomeCell_TableViewCell.xib */,
				45E89EA32AD1E48D0064177B /* HomeCell_TableViewCell.swift */,
			);
			path = Cell;
			sourceTree = "<group>";
		};
/* End PBXGroup section */

/* Begin PBXNativeTarget section */
		451D5C992ACF35D400167243 /* ABLasalle */ = {
			isa = PBXNativeTarget;
			buildConfigurationList = 451D5CAE2ACF35D600167243 /* Build configuration list for PBXNativeTarget "ABLasalle" */;
			buildPhases = (
				451D5C962ACF35D400167243 /* Sources */,
				451D5C972ACF35D400167243 /* Frameworks */,
				451D5C982ACF35D400167243 /* Resources */,
			);
			buildRules = (
			);
			dependencies = (
			);
			name = ABLasalle;
			productName = ABLasalle;
			productReference = 451D5C9A2ACF35D400167243 /* ABLasalle.app */;
			productType = "com.apple.product-type.application";
		};
/* End PBXNativeTarget section */

/* Begin PBXProject section */
		451D5C922ACF35D400167243 /* Project object */ = {
			isa = PBXProject;
			attributes = {
				BuildIndependentTargetsInParallel = 1;
				LastSwiftUpdateCheck = 1500;
				LastUpgradeCheck = 1500;
				TargetAttributes = {
					451D5C992ACF35D400167243 = {
						CreatedOnToolsVersion = 15.0;
					};
				};
			};
			buildConfigurationList = 451D5C952ACF35D400167243 /* Build configuration list for PBXProject "ABLasalle" */;
			compatibilityVersion = "Xcode 14.0";
			developmentRegion = en;
			hasScannedForEncodings = 0;
			knownRegions = (
				en,
				Base,
			);
			mainGroup = 451D5C912ACF35D400167243;
			productRefGroup = 451D5C9B2ACF35D400167243 /* Products */;
			projectDirPath = "";
			projectRoot = "";
			targets = (
				451D5C992ACF35D400167243 /* ABLasalle */,
			);
		};
/* End PBXProject section */

/* Begin PBXResourcesBuildPhase section */
		451D5C982ACF35D400167243 /* Resources */ = {
			isa = PBXResourcesBuildPhase;
			buildActionMask = 2147483647;
			files = (
				45E89EA62AD1E48D0064177B /* HomeCell_TableViewCell.xib in Resources */,
				45C5885A2AD2B62100208E9E /* DetailViewController.xib in Resources */,
				45CFEB402AD07BA80099EDEA /* HomeTableViewController.xib in Resources */,
				451D5CAA2ACF35D600167243 /* LaunchScreen.storyboard in Resources */,
				451D5CA72ACF35D600167243 /* Assets.xcassets in Resources */,
				45E89E9F2AD1D27A0064177B /* SplashViewController.xib in Resources */,
			);
			runOnlyForDeploymentPostprocessing = 0;
		};
/* End PBXResourcesBuildPhase section */

/* Begin PBXSourcesBuildPhase section */
		451D5C962ACF35D400167243 /* Sources */ = {
			isa = PBXSourcesBuildPhase;
			buildActionMask = 2147483647;
			files = (
				45C588592AD2B62100208E9E /* DetailViewController.swift in Sources */,
				45CFEB3F2AD07BA80099EDEA /* HomeTableViewController.swift in Sources */,
				45CFEB442AD07BD00099EDEA /* HomeViewModel.swift in Sources */,
				45C5885C2AD2B63A00208E9E /* DetailViewModel.swift in Sources */,
				45E89EA52AD1E48D0064177B /* HomeCell_TableViewCell.swift in Sources */,
				451D5CC22ACF382900167243 /* PlayerModel.swift in Sources */,
				45E89EA12AD1D2970064177B /* SplashViewModel.swift in Sources */,
				45E89E9E2AD1D27A0064177B /* SplashViewController.swift in Sources */,
				451D5C9E2ACF35D400167243 /* AppDelegate.swift in Sources */,
				451D5CA02ACF35D400167243 /* SceneDelegate.swift in Sources */,
			);
			runOnlyForDeploymentPostprocessing = 0;
		};
/* End PBXSourcesBuildPhase section */

/* Begin PBXVariantGroup section */
		451D5CA82ACF35D600167243 /* LaunchScreen.storyboard */ = {
			isa = PBXVariantGroup;
			children = (
				451D5CA92ACF35D600167243 /* Base */,
			);
			name = LaunchScreen.storyboard;
			sourceTree = "<group>";
		};
/* End PBXVariantGroup section */

/* Begin XCBuildConfiguration section */
		451D5CAC2ACF35D600167243 /* Debug */ = {
			isa = XCBuildConfiguration;
			buildSettings = {
				ALWAYS_SEARCH_USER_PATHS = NO;
				ASSETCATALOG_COMPILER_GENERATE_SWIFT_ASSET_SYMBOL_EXTENSIONS = YES;
				CLANG_ANALYZER_NONNULL = YES;
				CLANG_ANALYZER_NUMBER_OBJECT_CONVERSION = YES_AGGRESSIVE;
				CLANG_CXX_LANGUAGE_STANDARD = "gnu++20";
				CLANG_ENABLE_MODULES = YES;
				CLANG_ENABLE_OBJC_ARC = YES;
				CLANG_ENABLE_OBJC_WEAK = YES;
				CLANG_WARN_BLOCK_CAPTURE_AUTORELEASING = YES;
				CLANG_WARN_BOOL_CONVERSION = YES;
				CLANG_WARN_COMMA = YES;
				CLANG_WARN_CONSTANT_CONVERSION = YES;
				CLANG_WARN_DEPRECATED_OBJC_IMPLEMENTATIONS = YES;
				CLANG_WARN_DIRECT_OBJC_ISA_USAGE = YES_ERROR;
				CLANG_WARN_DOCUMENTATION_COMMENTS = YES;
				CLANG_WARN_EMPTY_BODY = YES;
				CLANG_WARN_ENUM_CONVERSION = YES;
				CLANG_WARN_INFINITE_RECURSION = YES;
				CLANG_WARN_INT_CONVERSION = YES;
				CLANG_WARN_NON_LITERAL_NULL_CONVERSION = YES;
				CLANG_WARN_OBJC_IMPLICIT_RETAIN_SELF = YES;
				CLANG_WARN_OBJC_LITERAL_CONVERSION = YES;
				CLANG_WARN_OBJC_ROOT_CLASS = YES_ERROR;
				CLANG_WARN_QUOTED_INCLUDE_IN_FRAMEWORK_HEADER = YES;
				CLANG_WARN_RANGE_LOOP_ANALYSIS = YES;
				CLANG_WARN_STRICT_PROTOTYPES = YES;
				CLANG_WARN_SUSPICIOUS_MOVE = YES;
				CLANG_WARN_UNGUARDED_AVAILABILITY = YES_AGGRESSIVE;
				CLANG_WARN_UNREACHABLE_CODE = YES;
				CLANG_WARN__DUPLICATE_METHOD_MATCH = YES;
				COPY_PHASE_STRIP = NO;
				DEBUG_INFORMATION_FORMAT = dwarf;
				ENABLE_STRICT_OBJC_MSGSEND = YES;
				ENABLE_TESTABILITY = YES;
				ENABLE_USER_SCRIPT_SANDBOXING = YES;
				GCC_C_LANGUAGE_STANDARD = gnu17;
				GCC_DYNAMIC_NO_PIC = NO;
				GCC_NO_COMMON_BLOCKS = YES;
				GCC_OPTIMIZATION_LEVEL = 0;
				GCC_PREPROCESSOR_DEFINITIONS = (
					"DEBUG=1",
					"$(inherited)",
				);
				GCC_WARN_64_TO_32_BIT_CONVERSION = YES;
				GCC_WARN_ABOUT_RETURN_TYPE = YES_ERROR;
				GCC_WARN_UNDECLARED_SELECTOR = YES;
				GCC_WARN_UNINITIALIZED_AUTOS = YES_AGGRESSIVE;
				GCC_WARN_UNUSED_FUNCTION = YES;
				GCC_WARN_UNUSED_VARIABLE = YES;
				IPHONEOS_DEPLOYMENT_TARGET = 17.0;
				LOCALIZATION_PREFERS_STRING_CATALOGS = YES;
				MTL_ENABLE_DEBUG_INFO = INCLUDE_SOURCE;
				MTL_FAST_MATH = YES;
				ONLY_ACTIVE_ARCH = YES;
				SDKROOT = iphoneos;
				SWIFT_ACTIVE_COMPILATION_CONDITIONS = "DEBUG $(inherited)";
				SWIFT_OPTIMIZATION_LEVEL = "-Onone";
			};
			name = Debug;
		};
		451D5CAD2ACF35D600167243 /* Release */ = {
			isa = XCBuildConfiguration;
			buildSettings = {
				ALWAYS_SEARCH_USER_PATHS = NO;
				ASSETCATALOG_COMPILER_GENERATE_SWIFT_ASSET_SYMBOL_EXTENSIONS = YES;
				CLANG_ANALYZER_NONNULL = YES;
				CLANG_ANALYZER_NUMBER_OBJECT_CONVERSION = YES_AGGRESSIVE;
				CLANG_CXX_LANGUAGE_STANDARD = "gnu++20";
				CLANG_ENABLE_MODULES = YES;
				CLANG_ENABLE_OBJC_ARC = YES;
				CLANG_ENABLE_OBJC_WEAK = YES;
				CLANG_WARN_BLOCK_CAPTURE_AUTORELEASING = YES;
				CLANG_WARN_BOOL_CONVERSION = YES;
				CLANG_WARN_COMMA = YES;
				CLANG_WARN_CONSTANT_CONVERSION = YES;
				CLANG_WARN_DEPRECATED_OBJC_IMPLEMENTATIONS = YES;
				CLANG_WARN_DIRECT_OBJC_ISA_USAGE = YES_ERROR;
				CLANG_WARN_DOCUMENTATION_COMMENTS = YES;
				CLANG_WARN_EMPTY_BODY = YES;
				CLANG_WARN_ENUM_CONVERSION = YES;
				CLANG_WARN_INFINITE_RECURSION = YES;
				CLANG_WARN_INT_CONVERSION = YES;
				CLANG_WARN_NON_LITERAL_NULL_CONVERSION = YES;
				CLANG_WARN_OBJC_IMPLICIT_RETAIN_SELF = YES;
				CLANG_WARN_OBJC_LITERAL_CONVERSION = YES;
				CLANG_WARN_OBJC_ROOT_CLASS = YES_ERROR;
				CLANG_WARN_QUOTED_INCLUDE_IN_FRAMEWORK_HEADER = YES;
				CLANG_WARN_RANGE_LOOP_ANALYSIS = YES;
				CLANG_WARN_STRICT_PROTOTYPES = YES;
				CLANG_WARN_SUSPICIOUS_MOVE = YES;
				CLANG_WARN_UNGUARDED_AVAILABILITY = YES_AGGRESSIVE;
				CLANG_WARN_UNREACHABLE_CODE = YES;
				CLANG_WARN__DUPLICATE_METHOD_MATCH = YES;
				COPY_PHASE_STRIP = NO;
				DEBUG_INFORMATION_FORMAT = "dwarf-with-dsym";
				ENABLE_NS_ASSERTIONS = NO;
				ENABLE_STRICT_OBJC_MSGSEND = YES;
				ENABLE_USER_SCRIPT_SANDBOXING = YES;
				GCC_C_LANGUAGE_STANDARD = gnu17;
				GCC_NO_COMMON_BLOCKS = YES;
				GCC_WARN_64_TO_32_BIT_CONVERSION = YES;
				GCC_WARN_ABOUT_RETURN_TYPE = YES_ERROR;
				GCC_WARN_UNDECLARED_SELECTOR = YES;
				GCC_WARN_UNINITIALIZED_AUTOS = YES_AGGRESSIVE;
				GCC_WARN_UNUSED_FUNCTION = YES;
				GCC_WARN_UNUSED_VARIABLE = YES;
				IPHONEOS_DEPLOYMENT_TARGET = 17.0;
				LOCALIZATION_PREFERS_STRING_CATALOGS = YES;
				MTL_ENABLE_DEBUG_INFO = NO;
				MTL_FAST_MATH = YES;
				SDKROOT = iphoneos;
				SWIFT_COMPILATION_MODE = wholemodule;
				VALIDATE_PRODUCT = YES;
			};
			name = Release;
		};
		451D5CAF2ACF35D600167243 /* Debug */ = {
			isa = XCBuildConfiguration;
			buildSettings = {
				ASSETCATALOG_COMPILER_APPICON_NAME = AppIcon;
				ASSETCATALOG_COMPILER_GLOBAL_ACCENT_COLOR_NAME = AccentColor;
				CODE_SIGN_STYLE = Automatic;
				CURRENT_PROJECT_VERSION = 1;
				DEVELOPMENT_TEAM = 8QPZ23L3M2;
				GENERATE_INFOPLIST_FILE = YES;
				INFOPLIST_FILE = ABLasalle/Info.plist;
				INFOPLIST_KEY_UIApplicationSupportsIndirectInputEvents = YES;
				INFOPLIST_KEY_UILaunchStoryboardName = LaunchScreen;
				INFOPLIST_KEY_UISupportedInterfaceOrientations_iPad = "UIInterfaceOrientationPortrait UIInterfaceOrientationPortraitUpsideDown UIInterfaceOrientationLandscapeLeft UIInterfaceOrientationLandscapeRight";
				INFOPLIST_KEY_UISupportedInterfaceOrientations_iPhone = "UIInterfaceOrientationPortrait UIInterfaceOrientationLandscapeLeft UIInterfaceOrientationLandscapeRight";
				LD_RUNPATH_SEARCH_PATHS = (
					"$(inherited)",
					"@executable_path/Frameworks",
				);
				MARKETING_VERSION = 1.0;
				PRODUCT_BUNDLE_IDENTIFIER = michelnd.ABLasalle;
				PRODUCT_NAME = "$(TARGET_NAME)";
				SWIFT_EMIT_LOC_STRINGS = YES;
				SWIFT_VERSION = 5.0;
				TARGETED_DEVICE_FAMILY = "1,2";
			};
			name = Debug;
		};
		451D5CB02ACF35D600167243 /* Release */ = {
			isa = XCBuildConfiguration;
			buildSettings = {
				ASSETCATALOG_COMPILER_APPICON_NAME = AppIcon;
				ASSETCATALOG_COMPILER_GLOBAL_ACCENT_COLOR_NAME = AccentColor;
				CODE_SIGN_STYLE = Automatic;
				CURRENT_PROJECT_VERSION = 1;
				DEVELOPMENT_TEAM = 8QPZ23L3M2;
				GENERATE_INFOPLIST_FILE = YES;
				INFOPLIST_FILE = ABLasalle/Info.plist;
				INFOPLIST_KEY_UIApplicationSupportsIndirectInputEvents = YES;
				INFOPLIST_KEY_UILaunchStoryboardName = LaunchScreen;
				INFOPLIST_KEY_UISupportedInterfaceOrientations_iPad = "UIInterfaceOrientationPortrait UIInterfaceOrientationPortraitUpsideDown UIInterfaceOrientationLandscapeLeft UIInterfaceOrientationLandscapeRight";
				INFOPLIST_KEY_UISupportedInterfaceOrientations_iPhone = "UIInterfaceOrientationPortrait UIInterfaceOrientationLandscapeLeft UIInterfaceOrientationLandscapeRight";
				LD_RUNPATH_SEARCH_PATHS = (
					"$(inherited)",
					"@executable_path/Frameworks",
				);
				MARKETING_VERSION = 1.0;
				PRODUCT_BUNDLE_IDENTIFIER = michelnd.ABLasalle;
				PRODUCT_NAME = "$(TARGET_NAME)";
				SWIFT_EMIT_LOC_STRINGS = YES;
				SWIFT_VERSION = 5.0;
				TARGETED_DEVICE_FAMILY = "1,2";
			};
			name = Release;
		};
/* End XCBuildConfiguration section */

/* Begin XCConfigurationList section */
		451D5C952ACF35D400167243 /* Build configuration list for PBXProject "ABLasalle" */ = {
			isa = XCConfigurationList;
			buildConfigurations = (
				451D5CAC2ACF35D600167243 /* Debug */,
				451D5CAD2ACF35D600167243 /* Release */,
			);
			defaultConfigurationIsVisible = 0;
			defaultConfigurationName = Release;
		};
		451D5CAE2ACF35D600167243 /* Build configuration list for PBXNativeTarget "ABLasalle" */ = {
			isa = XCConfigurationList;
			buildConfigurations = (
				451D5CAF2ACF35D600167243 /* Debug */,
				451D5CB02ACF35D600167243 /* Release */,
			);
			defaultConfigurationIsVisible = 0;
			defaultConfigurationName = Release;
		};
/* End XCConfigurationList section */
	};
	rootObject = 451D5C922ACF35D400167243 /* Project object */;
}
